
Microsoft Visual Studio Solution File, Format Version 12.00
# Visual Studio Version 17
VisualStudioVersion = 17.9.34622.214
MinimumVisualStudioVersion = 10.0.40219.1
Project("{9A19103F-16F7-4668-BE54-9A1E7A4F7556}") = "lab1", "lab1\lab1.csproj", "{743AC3DC-A0DC-4895-A558-7EF9E62464BE}"
EndProject
Project("{9A19103F-16F7-4668-BE54-9A1E7A4F7556}") = "UnitTests", "UnitTests\UnitTests.csproj", "{C652EC3C-012D-403E-BD9D-C9D6336119B9}"
EndProject
Global
	GlobalSection(SolutionConfigurationPlatforms) = preSolution
		Debug|Any CPU = Debug|Any CPU
		Release|Any CPU = Release|Any CPU
	EndGlobalSection
	GlobalSection(ProjectConfigurationPlatforms) = postSolution
		{743AC3DC-A0DC-4895-A558-7EF9E62464BE}.Debug|Any CPU.ActiveCfg = Debug|Any CPU
		{743AC3DC-A0DC-4895-A558-7EF9E62464BE}.Debug|Any CPU.Build.0 = Debug|Any CPU
		{743AC3DC-A0DC-4895-A558-7EF9E62464BE}.Release|Any CPU.ActiveCfg = Release|Any CPU
		{743AC3DC-A0DC-4895-A558-7EF9E62464BE}.Release|Any CPU.Build.0 = Release|Any CPU
		{C652EC3C-012D-403E-BD9D-C9D6336119B9}.Debug|Any CPU.ActiveCfg = Debug|Any CPU
		{C652EC3C-012D-403E-BD9D-C9D6336119B9}.Debug|Any CPU.Build.0 = Debug|Any CPU
		{C652EC3C-012D-403E-BD9D-C9D6336119B9}.Release|Any CPU.ActiveCfg = Release|Any CPU
		{C652EC3C-012D-403E-BD9D-C9D6336119B9}.Release|Any CPU.Build.0 = Release|Any CPU
	EndGlobalSection
	GlobalSection(SolutionProperties) = preSolution
		HideSolutionNode = FALSE
	EndGlobalSection
	GlobalSection(ExtensibilityGlobals) = postSolution
		SolutionGuid = {9241DE6D-3B82-431B-9D91-0D3238B147D0}
	EndGlobalSection
EndGlobal
